{
    "_meta": {
        "hash": {
            "sha256": "586d83be78d2c6701254dc95c3665a2a9fe19a6a99da5fc16a3a0db21fc580b0"
        },
        "pipfile-spec": 6,
        "requires": {
            "python_version": "3.11"
        },
        "sources": [
            {
                "name": "pypi",
                "url": "https://pypi.org/simple",
                "verify_ssl": true
            }
        ]
    },
    "default": {
        "avro": {
            "hashes": [
                "sha256:f123623ecc648d0e20ce14f8ed85162140c13cc4b108865d1b2529fbfa06c008"
            ],
            "index": "pypi",
            "version": "==1.11.1"
        },
        "certifi": {
            "hashes": [
                "sha256:0d9c601124e5a6ba9712dbc60d9c53c21e34f5f641fe83002317394311bdce14",
                "sha256:90c1a32f1d68f940488354e36370f6cca89f0f106db09518524c88d6ed83f382"
            ],
            "markers": "python_version >= '3.6'",
            "version": "==2022.9.24"
        },
        "charset-normalizer": {
            "hashes": [
                "sha256:5a3d016c7c547f69d6f81fb0db9449ce888b418b5b9952cc5e6e66843e9dd845",
                "sha256:83e9a75d1911279afd89352c68b45348559d1fc0506b054b346651b5e7fee29f"
            ],
            "markers": "python_version >= '3.6'",
            "version": "==2.1.1"
        },
        "dnspython": {
            "hashes": [
                "sha256:0f7569a4a6ff151958b64304071d370daa3243d15941a7beedf0c9fe5105603e",
                "sha256:a851e51367fb93e9e1361732c1d60dab63eff98712e503ea7d92e6eccb109b4f"
            ],
            "index": "pypi",
            "version": "==2.2.1"
        },
        "fastavro": {
            "hashes": [
                "sha256:202424a5a7831b773f0f2cc2f82e89ed1726051fd5994f13dc678514144e10d4",
                "sha256:216132bc54da19e97e1531dd69c86282408d4c797749d83b01b3a00862a180de",
                "sha256:492e8902063aa1c73170e11c18495fcaa86b71eae3513ef83ba438ca02b16b34",
                "sha256:4b1205f46489b4032d3155c1ab44d9824be0c7454df98d3a5bd22b78b98f23c8",
                "sha256:4da6d83abd04a804310667f8d1fc23d44e9ed91ed9a9bc9c1fcd906e0c403b12",
                "sha256:54b60e79506a456bcfc940560fa2c73a7a8e3ddc58a1ae4d94fdd99f6b02aef0",
                "sha256:601f8c2ec166bd721f4b12eafe195dd1373d3f8dce4fe2425abd2df3e3968ac7",
                "sha256:63d0d2a2bb3e85d006c834633be51b105a50b0dc7cc8423b06f30601b532adf4",
                "sha256:749206f1cec3d7429546e49db5708f4571497d35181b6b334c4844133f230515",
                "sha256:7aab162f02e64bf82d0282430a3c6ec7a36982b1c5d479e7dcc278e6d62a84b8",
                "sha256:7c664302f94064adeb93403c61c74e07b9710526403eba3b59169f99bb99c55c",
                "sha256:7df57d31cb58770a9066790250e9f4ec91242c69e1dc62ea732a6fb2406a8f96",
                "sha256:91cc9be740abca894082af4fe3ab9db057d4e5fa783cfa9a94c02ec041bf4346",
                "sha256:9e4463b00242e4baf52d499aeefab46a26d9dd18d808d4219cd4d21089da540e",
                "sha256:a07a3245049529d6d9028d664361cc4990e74d035d2303875295e2f7b97eba09",
                "sha256:a0ebd5c1269085179de4b3f072de274fb66a471ecbc5245bd8684e6f94943c2f",
                "sha256:a7e35b94b692f8cca0096c89abf1937efed66252dea0b3b3165babfb3c289fb7",
                "sha256:ab3387a06e272980fa034f5c62f7063977b77df6416d3d30a4d3b49cc8827566",
                "sha256:b905634b5763ca08c9f7b51486e2c3ae7907f5d9bc48208c69b16ccbe8455e90",
                "sha256:c20cf6cd8098bb93c2cffd53d03ccea1dcf9ec594a5c83963acf29a2882f8693",
                "sha256:f7348d318858203bd108e6bcde177d8a6f0590b52bc624d815f26fb6c37029bb"
            ],
            "index": "pypi",
            "version": "==1.7.0"
        },
        "idna": {
            "hashes": [
                "sha256:814f528e8dead7d329833b91c5faa87d60bf71824cd12a7530b5526063d02cb4",
                "sha256:90b77e79eaa3eba6de819a0c442c0b4ceefc341a7a2ab77d7562bf49f425c5c2"
            ],
            "markers": "python_version >= '3.5'",
            "version": "==3.4"
        },
        "pyside6": {
            "hashes": [
                "sha256:03261b61652c0a45ccfb6f34cbbcb3449490926401e9e150b528a862a9f97a95",
                "sha256:357af1b85febe54f8c9c3b785ac8d869d40a024bded765525e46cd2b99f6b53a",
                "sha256:88ad906b21a6db13f5046ebec5247972cff5559aa6d462465600c8bc2655d491",
                "sha256:a5e56ce84db3453a1522d7bebaeb161f3c95fd5eeeb159f76e79615294772e8a",
                "sha256:c9674ccb1c36e60c458c4a14edbfecf72a331430e18501f7b667f9db496291df",
                "sha256:e0730024e682dd98ec3637432c98bf682bc8f3e64083acf681a62a1a1a9e2beb"
            ],
            "index": "pypi",
            "version": "==6.4.1"
        },
        "pyside6-addons": {
            "hashes": [
                "sha256:4530b6b46cec721eb0a3960f2cb618e17ef100ee5b0cbfa95201e87bd4a6b3e8",
                "sha256:509ae75aabaf191b07e8e1819efaba1a8bfeda692efbfb8eb5adbfcc8a534d35",
                "sha256:6174d39112ad3ec5fbc86aaaccda71756d8809e716a86bb09e38ed3dcae6d952",
                "sha256:91873aaefa01736bf39148b19fc62ab824000e9cdd1db9ebf98b5e0712f0f946",
                "sha256:aa87ade042bfde316479f2dddbc2c66000a0e65ff5bd24291375a21758e07d36",
                "sha256:d0daf2b685a28f51d2880478b1fd3441c943f8ecfbd41b7dbea3563eb78e8913"
            ],
            "markers": "python_version < '3.12' and python_version >= '3.7'",
            "version": "==6.4.1"
        },
        "pyside6-essentials": {
            "hashes": [
                "sha256:0d3052ab72daebc15381fb095b673dd75cf4d2f1dc8680b7aabe27537cdde352",
                "sha256:3b36d605f28b742dfc676816d440ba6baa51c6f31dd2dbf3a44e28edcf006523",
                "sha256:457d73bb38cf7fb573a24da00ecb9aa7b8cf6a4cb5cc8ffcce2c241502a6e774",
                "sha256:4cade08b091a128ca5567a8d23fd25b1825dc18648cfb71dd002f0935ee4c3cc",
                "sha256:aadd06c09dc51e5894d2fce70210906ce7d981686ceddfff69c47e4227bc1706",
                "sha256:f980e9c8ee9b2304d6c71e499e96f351c82e28cbfcf6cc6cde0feffd706af330"
            ],
            "markers": "python_version < '3.12' and python_version >= '3.7'",
            "version": "==6.4.1"
        },
        "requests": {
            "hashes": [
                "sha256:7c5599b102feddaa661c826c56ab4fee28bfd17f5abca1ebbe3e7f19d7c97983",
                "sha256:8fefa2a1a1365bf5520aac41836fbee479da67864514bdb821f31ce07ce65349"
            ],
            "index": "pypi",
            "version": "==2.28.1"
        },
        "shiboken6": {
            "hashes": [
                "sha256:1c3efc307ed20bf9cea5ceafc089032b33aba95297f70e469b5a19f1070eb1e8",
                "sha256:41e67b67f65626bdd909f9c5fd5f80231ee6ae43418b331590ba225b3cfabd5b",
                "sha256:44f81fe7faa4ee3a313e687c8a4852bba454116822e76f80339b2aa0512cfc6a",
                "sha256:6d61061df739e5ed9595f925e4d1de9c98bdabb995ee29d0be88a873a6171e85",
                "sha256:7cee2cb6becd29e55913468602fa90554895ad38448d57f1d2ebe681014b087d",
                "sha256:ed6158e8abe4a28530fba27c367dd78038d338f27d44cc8b863cf1fdb8977f2e"
            ],
            "markers": "python_version < '3.12' and python_version >= '3.7'",
            "version": "==6.4.1"
        },
        "urllib3": {
            "hashes": [
                "sha256:47cc05d99aaa09c9e72ed5809b60e7ba354e64b59c9c173ac3018642d8bb41fc",
                "sha256:c083dd0dce68dbfbe1129d5271cb90f9447dea7d52097c6e0126120c521ddea8"
            ],
            "markers": "python_version >= '2.7' and python_version not in '3.0, 3.1, 3.2, 3.3, 3.4, 3.5'",
            "version": "==1.26.13"
        }
    },
    "develop": {}
}
